
Microsoft Visual Studio Solution File, Format Version 12.00
# Visual Studio Version 17
VisualStudioVersion = 17.7.34031.279
MinimumVisualStudioVersion = 10.0.40219.1
Project("{9A19103F-16F7-4668-BE54-9A1E7A4F7556}") = "DartPointTracker", "DartPointTracker.csproj", "{C51FC36E-9D2F-4017-9E66-3E708BE868DF}"
EndProject
Global
	GlobalSection(SolutionConfigurationPlatforms) = preSolution
		Debug|Any CPU = Debug|Any CPU
		Release|Any CPU = Release|Any CPU
	EndGlobalSection
	GlobalSection(ProjectConfigurationPlatforms) = postSolution
		{C51FC36E-9D2F-4017-9E66-3E708BE868DF}.Debug|Any CPU.ActiveCfg = Debug|Any CPU
		{C51FC36E-9D2F-4017-9E66-3E708BE868DF}.Debug|Any CPU.Build.0 = Debug|Any CPU
		{C51FC36E-9D2F-4017-9E66-3E708BE868DF}.Release|Any CPU.ActiveCfg = Release|Any CPU
		{C51FC36E-9D2F-4017-9E66-3E708BE868DF}.Release|Any CPU.Build.0 = Release|Any CPU
	EndGlobalSection
	GlobalSection(SolutionProperties) = preSolution
		HideSolutionNode = FALSE
	EndGlobalSection
EndGlobal
